
Microsoft Visual Studio Solution File, Format Version 12.00
# Visual Studio Version 16
VisualStudioVersion = 16.0.32228.547
MinimumVisualStudioVersion = 10.0.40219.1
Project("{FAE04EC0-301F-11D3-BF4B-00C04F79EFBC}") = "Upper case char find", "Upper case char find\Upper case char find.csproj", "{50F11CAB-446C-409A-B3BA-65BC18D87977}"
EndProject
Global
	GlobalSection(SolutionConfigurationPlatforms) = preSolution
		Debug|Any CPU = Debug|Any CPU
		Release|Any CPU = Release|Any CPU
	EndGlobalSection
	GlobalSection(ProjectConfigurationPlatforms) = postSolution
		{50F11CAB-446C-409A-B3BA-65BC18D87977}.Debug|Any CPU.ActiveCfg = Debug|Any CPU
		{50F11CAB-446C-409A-B3BA-65BC18D87977}.Debug|Any CPU.Build.0 = Debug|Any CPU
		{50F11CAB-446C-409A-B3BA-65BC18D87977}.Release|Any CPU.ActiveCfg = Release|Any CPU
		{50F11CAB-446C-409A-B3BA-65BC18D87977}.Release|Any CPU.Build.0 = Release|Any CPU
	EndGlobalSection
	GlobalSection(SolutionProperties) = preSolution
		HideSolutionNode = FALSE
	EndGlobalSection
	GlobalSection(ExtensibilityGlobals) = postSolution
		SolutionGuid = {4F2B913B-6BCB-4DD0-85CC-B207898636B9}
	EndGlobalSection
EndGlobal
